PODS:
  - Flutter (1.0.0)
  - flutter_tiktok_sdk (0.2.2):
    - Flutter
    - TikTokOpenSDK (~> 5.0.14)
  - TikTokOpenSDK (5.0.14)

DEPENDENCIES:
  - Flutter (from `Flutter`)
  - flutter_tiktok_sdk (from `.symlinks/plugins/flutter_tiktok_sdk/ios`)

SPEC REPOS:
  trunk:
    - TikTokOpenSDK

EXTERNAL SOURCES:
  Flutter:
    :path: Flutter
  flutter_tiktok_sdk:
    :path: ".symlinks/plugins/flutter_tiktok_sdk/ios"

SPEC CHECKSUMS:
  Flutter: 50d75fe2f02b26cc09d224853bb45737f8b3214a
  flutter_tiktok_sdk: 286de5e60463cf62c11544c67c8752ff1b7cab19
  TikTokOpenSDK: 28f5244497b87cbaebb36d7ad468374ad2c2e8e2

PODFILE CHECKSUM: e5b9a4361be5e5f54e75e72958a8ea77e00d9a12

COCOAPODS: 1.11.3
