PODS:
  - Flutter (1.0.0)
  - flutter_tiktok_sdk (0.2.6):
    - Flutter
    - TikTokOpenSDK (~> 5.0.14)
  - TikTokOpenSDK (5.0.14)

DEPENDENCIES:
  - Flutter (from `Flutter`)
  - flutter_tiktok_sdk (from `.symlinks/plugins/flutter_tiktok_sdk/ios`)

SPEC REPOS:
  trunk:
    - TikTokOpenSDK

EXTERNAL SOURCES:
  Flutter:
    :path: Flutter
  flutter_tiktok_sdk:
    :path: ".symlinks/plugins/flutter_tiktok_sdk/ios"

SPEC CHECKSUMS:
  Flutter: f04841e97a9d0b0a8025694d0796dd46242b2854
  flutter_tiktok_sdk: 5c0421fbc84ff0a2882c54855fd8a3aec180832f
  TikTokOpenSDK: 28f5244497b87cbaebb36d7ad468374ad2c2e8e2

PODFILE CHECKSUM: ea66bdfa6e44fa9a7fb6e6def72d8b5a6f56fd90

COCOAPODS: 1.11.3
